
Microsoft Visual Studio Solution File, Format Version 12.00
# Visual Studio 15
VisualStudioVersion = 15.0.28307.421
MinimumVisualStudioVersion = 10.0.40219.1
Project("{FAE04EC0-301F-11D3-BF4B-00C04F79EFBC}") = "Google Drive API", "Google Drive API\Google Drive API.csproj", "{F590073D-1B44-4C7B-8982-6C1FA2864513}"
EndProject
Global
	GlobalSection(SolutionConfigurationPlatforms) = preSolution
		Debug|Any CPU = Debug|Any CPU
		Release|Any CPU = Release|Any CPU
	EndGlobalSection
	GlobalSection(ProjectConfigurationPlatforms) = postSolution
		{F590073D-1B44-4C7B-8982-6C1FA2864513}.Debug|Any CPU.ActiveCfg = Debug|Any CPU
		{F590073D-1B44-4C7B-8982-6C1FA2864513}.Debug|Any CPU.Build.0 = Debug|Any CPU
		{F590073D-1B44-4C7B-8982-6C1FA2864513}.Release|Any CPU.ActiveCfg = Release|Any CPU
		{F590073D-1B44-4C7B-8982-6C1FA2864513}.Release|Any CPU.Build.0 = Release|Any CPU
	EndGlobalSection
	GlobalSection(SolutionProperties) = preSolution
		HideSolutionNode = FALSE
	EndGlobalSection
	GlobalSection(ExtensibilityGlobals) = postSolution
		SolutionGuid = {88DB5982-6B1A-4D41-B5BC-D16287689469}
	EndGlobalSection
EndGlobal
